// !$*UTF8*$!
{
	archiveVersion = 1;
	classes = {
	};
	objectVersion = 48;
	objects = {

/* Begin PBXBuildFile section */
		AAA788CB206044E0006EA721 /* green-frog.png in Resources */ = {isa = PBXBuildFile; fileRef = AAA788CA206044E0006EA721 /* green-frog.png */; };
		AAAF0817206042DE00B9EE5B /* AppDelegate.swift in Sources */ = {isa = PBXBuildFile; fileRef = AAAF0816206042DE00B9EE5B /* AppDelegate.swift */; };
		AAAF0819206042DE00B9EE5B /* ViewController.swift in Sources */ = {isa = PBXBuildFile; fileRef = AAAF0818206042DE00B9EE5B /* ViewController.swift */; };
		AAAF081C206042DE00B9EE5B /* Main.storyboard in Resources */ = {isa = PBXBuildFile; fileRef = AAAF081A206042DE00B9EE5B /* Main.storyboard */; };
		AAAF081E206042DE00B9EE5B /* Assets.xcassets in Resources */ = {isa = PBXBuildFile; fileRef = AAAF081D206042DE00B9EE5B /* Assets.xcassets */; };
		AAAF0821206042DE00B9EE5B /* LaunchScreen.storyboard in Resources */ = {isa = PBXBuildFile; fileRef = AAAF081F206042DE00B9EE5B /* LaunchScreen.storyboard */; };
/* End PBXBuildFile section */

/* Begin PBXFileReference section */
		AAA788CA206044E0006EA721 /* green-frog.png */ = {isa = PBXFileReference; lastKnownFileType = image.png; path = "green-frog.png"; sourceTree = "<group>"; };
		AAAF0813206042DE00B9EE5B /* FroggyGame.app */ = {isa = PBXFileReference; explicitFileType = wrapper.application; includeInIndex = 0; path = FroggyGame.app; sourceTree = BUILT_PRODUCTS_DIR; };
		AAAF0816206042DE00B9EE5B /* AppDelegate.swift */ = {isa = PBXFileReference; lastKnownFileType = sourcecode.swift; path = AppDelegate.swift; sourceTree = "<group>"; };
		AAAF0818206042DE00B9EE5B /* ViewController.swift */ = {isa = PBXFileReference; lastKnownFileType = sourcecode.swift; path = ViewController.swift; sourceTree = "<group>"; };
		AAAF081B206042DE00B9EE5B /* Base */ = {isa = PBXFileReference; lastKnownFileType = file.storyboard; name = Base; path = Base.lproj/Main.storyboard; sourceTree = "<group>"; };
		AAAF081D206042DE00B9EE5B /* Assets.xcassets */ = {isa = PBXFileReference; lastKnownFileType = folder.assetcatalog; path = Assets.xcassets; sourceTree = "<group>"; };
		AAAF0820206042DE00B9EE5B /* Base */ = {isa = PBXFileReference; lastKnownFileType = file.storyboard; name = Base; path = Base.lproj/LaunchScreen.storyboard; sourceTree = "<group>"; };
		AAAF0822206042DE00B9EE5B /* Info.plist */ = {isa = PBXFileReference; lastKnownFileType = text.plist.xml; path = Info.plist; sourceTree = "<group>"; };
/* End PBXFileReference section */

/* Begin PBXFrameworksBuildPhase section */
		AAAF0810206042DE00B9EE5B /* Frameworks */ = {
			isa = PBXFrameworksBuildPhase;
			buildActionMask = 2147483647;
			files = (
			);
			runOnlyForDeploymentPostprocessing = 0;
		};
/* End PBXFrameworksBuildPhase section */

/* Begin PBXGroup section */
		AAAF080A206042DE00B9EE5B = {
			isa = PBXGroup;
			children = (
				AAAF0815206042DE00B9EE5B /* FroggyGame */,
				AAAF0814206042DE00B9EE5B /* Products */,
			);
			sourceTree = "<group>";
		};
		AAAF0814206042DE00B9EE5B /* Products */ = {
			isa = PBXGroup;
			children = (
				AAAF0813206042DE00B9EE5B /* FroggyGame.app */,
			);
			name = Products;
			sourceTree = "<group>";
		};
		AAAF0815206042DE00B9EE5B /* FroggyGame */ = {
			isa = PBXGroup;
			children = (
				AAA788CA206044E0006EA721 /* green-frog.png */,
				AAAF0816206042DE00B9EE5B /* AppDelegate.swift */,
				AAAF0818206042DE00B9EE5B /* ViewController.swift */,
				AAAF081A206042DE00B9EE5B /* Main.storyboard */,
				AAAF081D206042DE00B9EE5B /* Assets.xcassets */,
				AAAF081F206042DE00B9EE5B /* LaunchScreen.storyboard */,
				AAAF0822206042DE00B9EE5B /* Info.plist */,
			);
			path = FroggyGame;
			sourceTree = "<group>";
		};
/* End PBXGroup section */

/* Begin PBXNativeTarget section */
		AAAF0812206042DE00B9EE5B /* FroggyGame */ = {
			isa = PBXNativeTarget;
			buildConfigurationList = AAAF0825206042DE00B9EE5B /* Build configuration list for PBXNativeTarget "FroggyGame" */;
			buildPhases = (
				AAAF080F206042DE00B9EE5B /* Sources */,
				AAAF0810206042DE00B9EE5B /* Frameworks */,
				AAAF0811206042DE00B9EE5B /* Resources */,
			);
			buildRules = (
			);
			dependencies = (
			);
			name = FroggyGame;
			productName = FroggyGame;
			productReference = AAAF0813206042DE00B9EE5B /* FroggyGame.app */;
			productType = "com.apple.product-type.application";
		};
/* End PBXNativeTarget section */

/* Begin PBXProject section */
		AAAF080B206042DE00B9EE5B /* Project object */ = {
			isa = PBXProject;
			attributes = {
				LastSwiftUpdateCheck = 0920;
				LastUpgradeCheck = 0920;
				ORGANIZATIONNAME = "Alp Uysal";
				TargetAttributes = {
					AAAF0812206042DE00B9EE5B = {
						CreatedOnToolsVersion = 9.2;
						ProvisioningStyle = Automatic;
					};
				};
			};
			buildConfigurationList = AAAF080E206042DE00B9EE5B /* Build configuration list for PBXProject "FroggyGame" */;
			compatibilityVersion = "Xcode 8.0";
			developmentRegion = en;
			hasScannedForEncodings = 0;
			knownRegions = (
				en,
				Base,
			);
			mainGroup = AAAF080A206042DE00B9EE5B;
			productRefGroup = AAAF0814206042DE00B9EE5B /* Products */;
			projectDirPath = "";
			projectRoot = "";
			targets = (
				AAAF0812206042DE00B9EE5B /* FroggyGame */,
			);
		};
/* End PBXProject section */

/* Begin PBXResourcesBuildPhase section */
		AAAF0811206042DE00B9EE5B /* Resources */ = {
			isa = PBXResourcesBuildPhase;
			buildActionMask = 2147483647;
			files = (
				AAAF0821206042DE00B9EE5B /* LaunchScreen.storyboard in Resources */,
				AAA788CB206044E0006EA721 /* green-frog.png in Resources */,
				AAAF081E206042DE00B9EE5B /* Assets.xcassets in Resources */,
				AAAF081C206042DE00B9EE5B /* Main.storyboard in Resources */,
			);
			runOnlyForDeploymentPostprocessing = 0;
		};
/* End PBXResourcesBuildPhase section */

/* Begin PBXSourcesBuildPhase section */
		AAAF080F206042DE00B9EE5B /* Sources */ = {
			isa = PBXSourcesBuildPhase;
			buildActionMask = 2147483647;
			files = (
				AAAF0819206042DE00B9EE5B /* ViewController.swift in Sources */,
				AAAF0817206042DE00B9EE5B /* AppDelegate.swift in Sources */,
			);
			runOnlyForDeploymentPostprocessing = 0;
		};
/* End PBXSourcesBuildPhase section */

/* Begin PBXVariantGroup section */
		AAAF081A206042DE00B9EE5B /* Main.storyboard */ = {
			isa = PBXVariantGroup;
			children = (
				AAAF081B206042DE00B9EE5B /* Base */,
			);
			name = Main.storyboard;
			sourceTree = "<group>";
		};
		AAAF081F206042DE00B9EE5B /* LaunchScreen.storyboard */ = {
			isa = PBXVariantGroup;
			children = (
				AAAF0820206042DE00B9EE5B /* Base */,
			);
			name = LaunchScreen.storyboard;
			sourceTree = "<group>";
		};
/* End PBXVariantGroup section */

/* Begin XCBuildConfiguration section */
		AAAF0823206042DE00B9EE5B /* Debug */ = {
			isa = XCBuildConfiguration;
			buildSettings = {
				ALWAYS_SEARCH_USER_PATHS = NO;
				CLANG_ANALYZER_NONNULL = YES;
				CLANG_ANALYZER_NUMBER_OBJECT_CONVERSION = YES_AGGRESSIVE;
				CLANG_CXX_LANGUAGE_STANDARD = "gnu++14";
				CLANG_CXX_LIBRARY = "libc++";
				CLANG_ENABLE_MODULES = YES;
				CLANG_ENABLE_OBJC_ARC = YES;
				CLANG_WARN_BLOCK_CAPTURE_AUTORELEASING = YES;
				CLANG_WARN_BOOL_CONVERSION = YES;
				CLANG_WARN_COMMA = YES;
				CLANG_WARN_CONSTANT_CONVERSION = YES;
				CLANG_WARN_DIRECT_OBJC_ISA_USAGE = YES_ERROR;
				CLANG_WARN_DOCUMENTATION_COMMENTS = YES;
				CLANG_WARN_EMPTY_BODY = YES;
				CLANG_WARN_ENUM_CONVERSION = YES;
				CLANG_WARN_INFINITE_RECURSION = YES;
				CLANG_WARN_INT_CONVERSION = YES;
				CLANG_WARN_NON_LITERAL_NULL_CONVERSION = YES;
				CLANG_WARN_OBJC_LITERAL_CONVERSION = YES;
				CLANG_WARN_OBJC_ROOT_CLASS = YES_ERROR;
				CLANG_WARN_RANGE_LOOP_ANALYSIS = YES;
				CLANG_WARN_STRICT_PROTOTYPES = YES;
				CLANG_WARN_SUSPICIOUS_MOVE = YES;
				CLANG_WARN_UNGUARDED_AVAILABILITY = YES_AGGRESSIVE;
				CLANG_WARN_UNREACHABLE_CODE = YES;
				CLANG_WARN__DUPLICATE_METHOD_MATCH = YES;
				CODE_SIGN_IDENTITY = "iPhone Developer";
				COPY_PHASE_STRIP = NO;
				DEBUG_INFORMATION_FORMAT = dwarf;
				ENABLE_STRICT_OBJC_MSGSEND = YES;
				ENABLE_TESTABILITY = YES;
				GCC_C_LANGUAGE_STANDARD = gnu11;
				GCC_DYNAMIC_NO_PIC = NO;
				GCC_NO_COMMON_BLOCKS = YES;
				GCC_OPTIMIZATION_LEVEL = 0;
				GCC_PREPROCESSOR_DEFINITIONS = (
					"DEBUG=1",
					"$(inherited)",
				);
				GCC_WARN_64_TO_32_BIT_CONVERSION = YES;
				GCC_WARN_ABOUT_RETURN_TYPE = YES_ERROR;
				GCC_WARN_UNDECLARED_SELECTOR = YES;
				GCC_WARN_UNINITIALIZED_AUTOS = YES_AGGRESSIVE;
				GCC_WARN_UNUSED_FUNCTION = YES;
				GCC_WARN_UNUSED_VARIABLE = YES;
				IPHONEOS_DEPLOYMENT_TARGET = 11.2;
				MTL_ENABLE_DEBUG_INFO = YES;
				ONLY_ACTIVE_ARCH = YES;
				SDKROOT = iphoneos;
				SWIFT_ACTIVE_COMPILATION_CONDITIONS = DEBUG;
				SWIFT_OPTIMIZATION_LEVEL = "-Onone";
			};
			name = Debug;
		};
		AAAF0824206042DE00B9EE5B /* Release */ = {
			isa = XCBuildConfiguration;
			buildSettings = {
				ALWAYS_SEARCH_USER_PATHS = NO;
				CLANG_ANALYZER_NONNULL = YES;
				CLANG_ANALYZER_NUMBER_OBJECT_CONVERSION = YES_AGGRESSIVE;
				CLANG_CXX_LANGUAGE_STANDARD = "gnu++14";
				CLANG_CXX_LIBRARY = "libc++";
				CLANG_ENABLE_MODULES = YES;
				CLANG_ENABLE_OBJC_ARC = YES;
				CLANG_WARN_BLOCK_CAPTURE_AUTORELEASING = YES;
				CLANG_WARN_BOOL_CONVERSION = YES;
				CLANG_WARN_COMMA = YES;
				CLANG_WARN_CONSTANT_CONVERSION = YES;
				CLANG_WARN_DIRECT_OBJC_ISA_USAGE = YES_ERROR;
				CLANG_WARN_DOCUMENTATION_COMMENTS = YES;
				CLANG_WARN_EMPTY_BODY = YES;
				CLANG_WARN_ENUM_CONVERSION = YES;
				CLANG_WARN_INFINITE_RECURSION = YES;
				CLANG_WARN_INT_CONVERSION = YES;
				CLANG_WARN_NON_LITERAL_NULL_CONVERSION = YES;
				CLANG_WARN_OBJC_LITERAL_CONVERSION = YES;
				CLANG_WARN_OBJC_ROOT_CLASS = YES_ERROR;
				CLANG_WARN_RANGE_LOOP_ANALYSIS = YES;
				CLANG_WARN_STRICT_PROTOTYPES = YES;
				CLANG_WARN_SUSPICIOUS_MOVE = YES;
				CLANG_WARN_UNGUARDED_AVAILABILITY = YES_AGGRESSIVE;
				CLANG_WARN_UNREACHABLE_CODE = YES;
				CLANG_WARN__DUPLICATE_METHOD_MATCH = YES;
				CODE_SIGN_IDENTITY = "iPhone Developer";
				COPY_PHASE_STRIP = NO;
				DEBUG_INFORMATION_FORMAT = "dwarf-with-dsym";
				ENABLE_NS_ASSERTIONS = NO;
				ENABLE_STRICT_OBJC_MSGSEND = YES;
				GCC_C_LANGUAGE_STANDARD = gnu11;
				GCC_NO_COMMON_BLOCKS = YES;
				GCC_WARN_64_TO_32_BIT_CONVERSION = YES;
				GCC_WARN_ABOUT_RETURN_TYPE = YES_ERROR;
				GCC_WARN_UNDECLARED_SELECTOR = YES;
				GCC_WARN_UNINITIALIZED_AUTOS = YES_AGGRESSIVE;
				GCC_WARN_UNUSED_FUNCTION = YES;
				GCC_WARN_UNUSED_VARIABLE = YES;
				IPHONEOS_DEPLOYMENT_TARGET = 11.2;
				MTL_ENABLE_DEBUG_INFO = NO;
				SDKROOT = iphoneos;
				SWIFT_OPTIMIZATION_LEVEL = "-Owholemodule";
				VALIDATE_PRODUCT = YES;
			};
			name = Release;
		};
		AAAF0826206042DE00B9EE5B /* Debug */ = {
			isa = XCBuildConfiguration;
			buildSettings = {
				ASSETCATALOG_COMPILER_APPICON_NAME = AppIcon;
				"CODE_SIGN_IDENTITY[sdk=iphoneos*]" = "iPhone Developer";
				CODE_SIGN_STYLE = Automatic;
				DEVELOPMENT_TEAM = 3L6J92ALRN;
				INFOPLIST_FILE = FroggyGame/Info.plist;
				LD_RUNPATH_SEARCH_PATHS = "$(inherited) @executable_path/Frameworks";
				PRODUCT_BUNDLE_IDENTIFIER = com.alpuysal.FroggyGame;
				PRODUCT_NAME = "$(TARGET_NAME)";
				PROVISIONING_PROFILE_SPECIFIER = "";
				SWIFT_VERSION = 4.0;
				TARGETED_DEVICE_FAMILY = "1,2";
			};
			name = Debug;
		};
		AAAF0827206042DE00B9EE5B /* Release */ = {
			isa = XCBuildConfiguration;
			buildSettings = {
				ASSETCATALOG_COMPILER_APPICON_NAME = AppIcon;
				"CODE_SIGN_IDENTITY[sdk=iphoneos*]" = "iPhone Developer";
				CODE_SIGN_STYLE = Automatic;
				DEVELOPMENT_TEAM = 3L6J92ALRN;
				INFOPLIST_FILE = FroggyGame/Info.plist;
				LD_RUNPATH_SEARCH_PATHS = "$(inherited) @executable_path/Frameworks";
				PRODUCT_BUNDLE_IDENTIFIER = com.alpuysal.FroggyGame;
				PRODUCT_NAME = "$(TARGET_NAME)";
				PROVISIONING_PROFILE_SPECIFIER = "";
				SWIFT_VERSION = 4.0;
				TARGETED_DEVICE_FAMILY = "1,2";
			};
			name = Release;
		};
/* End XCBuildConfiguration section */

/* Begin XCConfigurationList section */
		AAAF080E206042DE00B9EE5B /* Build configuration list for PBXProject "FroggyGame" */ = {
			isa = XCConfigurationList;
			buildConfigurations = (
				AAAF0823206042DE00B9EE5B /* Debug */,
				AAAF0824206042DE00B9EE5B /* Release */,
			);
			defaultConfigurationIsVisible = 0;
			defaultConfigurationName = Release;
		};
		AAAF0825206042DE00B9EE5B /* Build configuration list for PBXNativeTarget "FroggyGame" */ = {
			isa = XCConfigurationList;
			buildConfigurations = (
				AAAF0826206042DE00B9EE5B /* Debug */,
				AAAF0827206042DE00B9EE5B /* Release */,
			);
			defaultConfigurationIsVisible = 0;
			defaultConfigurationName = Release;
		};
/* End XCConfigurationList section */
	};
	rootObject = AAAF080B206042DE00B9EE5B /* Project object */;
}
